Microsoft Visual Studio Solution File, Format Version 12.00
# Visual Studio Version 16
VisualStudioVersion = 16.0.29519.87
MinimumVisualStudioVersion = 10.0.40219.1
Project("{9A19103F-16F7-4668-BE54-9A1E7A4F7556}") = "YL.Web.Api.ThirdParty.Onboarding.Client", "src\YL.Web.Api.ThirdParty.Onboarding.Client\YL.Web.Api.ThirdParty.Onboarding.Client.csproj", "{E4C0FA94-6F4A-4C9B-9A48-9EAD52342DC9}"
EndProject
Project("{9A19103F-16F7-4668-BE54-9A1E7A4F7556}") = "YL.Web.Api.ThirdParty.Onboarding.Client.Test", "src\YL.Web.Api.ThirdParty.Onboarding.Client.Test\YL.Web.Api.ThirdParty.Onboarding.Client.Test.csproj", "{19F1DEBC-DE5E-4517-8062-F000CD499087}"
EndProject
Project("{2150E333-8FDC-42A3-9474-1A3956D46DE8}") = "Solution Items", "Solution Items", "{1E1C2F67-56B4-42A8-9ECB-A0A79B039D67}"
	ProjectSection(SolutionItems) = preProject
		README.md = README.md
	EndProjectSection
EndProject
Project("{2150E333-8FDC-42A3-9474-1A3956D46DE8}") = "docs", "docs", "{1F854195-A0CE-4A78-AD50-04BF2D679A7E}"
	ProjectSection(SolutionItems) = preProject
		docs\AccountDetailsModel.md = docs\AccountDetailsModel.md
		docs\AccountV2StepModel.md = docs\AccountV2StepModel.md
		docs\Address.md = docs\Address.md
		docs\AddressModel.md = docs\AddressModel.md
		docs\AdvanceSignUpData.md = docs\AdvanceSignUpData.md
		docs\CreateThirdPartyAdvanceOnboardingResultModel.md = docs\CreateThirdPartyAdvanceOnboardingResultModel.md
		docs\CreditRatingBandParameters.md = docs\CreditRatingBandParameters.md
		docs\DateModel.md = docs\DateModel.md
		docs\Document.md = docs\Document.md
		docs\DocumentMetadataModel.md = docs\DocumentMetadataModel.md
		docs\DocumentSigningApi.md = docs\DocumentSigningApi.md
		docs\DocumentSigningViewModel.md = docs\DocumentSigningViewModel.md
		docs\FreeTextQuestionModel.md = docs\FreeTextQuestionModel.md
		docs\Industry.md = docs\Industry.md
		docs\InlineObject.md = docs\InlineObject.md
		docs\InlineObject1.md = docs\InlineObject1.md
		docs\InlineObject2.md = docs\InlineObject2.md
		docs\KycDocumentModel.md = docs\KycDocumentModel.md
		docs\KycDocumentsV2StepModel.md = docs\KycDocumentsV2StepModel.md
		docs\KycFreeTextQuestion.md = docs\KycFreeTextQuestion.md
		docs\KycQuestions.md = docs\KycQuestions.md
		docs\KycQuestionsModel.md = docs\KycQuestionsModel.md
		docs\KycQuestionsStepView.md = docs\KycQuestionsStepView.md
		docs\KycYesNoQuestion.md = docs\KycYesNoQuestion.md
		docs\LeadsApi.md = docs\LeadsApi.md
		docs\LoanOptionModel.md = docs\LoanOptionModel.md
		docs\LoanSizingModel.md = docs\LoanSizingModel.md
		docs\MerchantIdsModel.md = docs\MerchantIdsModel.md
		docs\OfferStepModel.md = docs\OfferStepModel.md
		docs\OnboardingOfferModel.md = docs\OnboardingOfferModel.md
		docs\OnboardingOrganisationDetailsModel.md = docs\OnboardingOrganisationDetailsModel.md
		docs\OnboardingStateModel.md = docs\OnboardingStateModel.md
		docs\OnboardingV2View.md = docs\OnboardingV2View.md
		docs\OrganisationDetailsV3.md = docs\OrganisationDetailsV3.md
		docs\OrganisationDetailsV3StepView.md = docs\OrganisationDetailsV3StepView.md
		docs\PaymentDataStepView.md = docs\PaymentDataStepView.md
		docs\PaymentGatewayModel.md = docs\PaymentGatewayModel.md
		docs\ProblemDetails.md = docs\ProblemDetails.md
		docs\SaveBankStatementDocumentResultModel.md = docs\SaveBankStatementDocumentResultModel.md
		docs\SavePaymentDataDocumentResultModel.md = docs\SavePaymentDataDocumentResultModel.md
		docs\SaveSignficantPersonKycDocumentResultModel.md = docs\SaveSignficantPersonKycDocumentResultModel.md
		docs\SaveSignificantPersonsResultModel.md = docs\SaveSignificantPersonsResultModel.md
		docs\SignatorySigningViewModel.md = docs\SignatorySigningViewModel.md
		docs\SignificantPersonDocumentsModel.md = docs\SignificantPersonDocumentsModel.md
		docs\SignificantPersonModel.md = docs\SignificantPersonModel.md
		docs\SignificantPersonsModel.md = docs\SignificantPersonsModel.md
		docs\SignificantPersonV2.md = docs\SignificantPersonV2.md
		docs\ThirdPartyOnboardingModel.md = docs\ThirdPartyOnboardingModel.md
		docs\YesNoQuestionModel.md = docs\YesNoQuestionModel.md
	EndProjectSection
EndProject
Global
	GlobalSection(SolutionConfigurationPlatforms) = preSolution
		Debug|Any CPU = Debug|Any CPU
		Release|Any CPU = Release|Any CPU
	EndGlobalSection
	GlobalSection(ProjectConfigurationPlatforms) = postSolution
		{E4C0FA94-6F4A-4C9B-9A48-9EAD52342DC9}.Debug|Any CPU.ActiveCfg = Debug|Any CPU
		{E4C0FA94-6F4A-4C9B-9A48-9EAD52342DC9}.Debug|Any CPU.Build.0 = Debug|Any CPU
		{E4C0FA94-6F4A-4C9B-9A48-9EAD52342DC9}.Release|Any CPU.ActiveCfg = Release|Any CPU
		{E4C0FA94-6F4A-4C9B-9A48-9EAD52342DC9}.Release|Any CPU.Build.0 = Release|Any CPU
		{19F1DEBC-DE5E-4517-8062-F000CD499087}.Debug|Any CPU.ActiveCfg = Debug|Any CPU
		{19F1DEBC-DE5E-4517-8062-F000CD499087}.Debug|Any CPU.Build.0 = Debug|Any CPU
		{19F1DEBC-DE5E-4517-8062-F000CD499087}.Release|Any CPU.ActiveCfg = Release|Any CPU
		{19F1DEBC-DE5E-4517-8062-F000CD499087}.Release|Any CPU.Build.0 = Release|Any CPU
	EndGlobalSection
	GlobalSection(SolutionProperties) = preSolution
		HideSolutionNode = FALSE
	EndGlobalSection
	GlobalSection(NestedProjects) = preSolution
		{1F854195-A0CE-4A78-AD50-04BF2D679A7E} = {1E1C2F67-56B4-42A8-9ECB-A0A79B039D67}
	EndGlobalSection
	GlobalSection(ExtensibilityGlobals) = postSolution
		SolutionGuid = {20F4491B-8EAF-4FC3-A1B1-F71900773FBE}
	EndGlobalSection
EndGlobal
